
Microsoft Visual Studio Solution File, Format Version 12.00
# Visual Studio Version 17
VisualStudioVersion = 17.7.34221.43
MinimumVisualStudioVersion = 10.0.40219.1
Project("{FAE04EC0-301F-11D3-BF4B-00C04F79EFBC}") = "SPASample", "SPASample\SPASample.csproj", "{611B3EFA-EEBC-4795-8BE1-174ED564FF30}"
EndProject
Global
	GlobalSection(SolutionConfigurationPlatforms) = preSolution
		Debug|Any CPU = Debug|Any CPU
		Release|Any CPU = Release|Any CPU
	EndGlobalSection
	GlobalSection(ProjectConfigurationPlatforms) = postSolution
		{611B3EFA-EEBC-4795-8BE1-174ED564FF30}.Debug|Any CPU.ActiveCfg = Debug|Any CPU
		{611B3EFA-EEBC-4795-8BE1-174ED564FF30}.Debug|Any CPU.Build.0 = Debug|Any CPU
		{611B3EFA-EEBC-4795-8BE1-174ED564FF30}.Release|Any CPU.ActiveCfg = Release|Any CPU
		{611B3EFA-EEBC-4795-8BE1-174ED564FF30}.Release|Any CPU.Build.0 = Release|Any CPU
	EndGlobalSection
	GlobalSection(SolutionProperties) = preSolution
		HideSolutionNode = FALSE
	EndGlobalSection
	GlobalSection(ExtensibilityGlobals) = postSolution
		SolutionGuid = {73F1CE60-ED29-4C2A-BC80-33080F4D7B9F}
	EndGlobalSection
EndGlobal
